// !$*UTF8*$!
{
	archiveVersion = 1;
	classes = {
	};
	objectVersion = 55;
	objects = {

/* Begin PBXBuildFile section */
		422FA6C32811535E00CFEE77 /* SignInView.swift in Sources */ = {isa = PBXBuildFile; fileRef = 422FA6C22811535E00CFEE77 /* SignInView.swift */; };
		422FA6C52811543700CFEE77 /* UserDataEntryFields.swift in Sources */ = {isa = PBXBuildFile; fileRef = 422FA6C42811543700CFEE77 /* UserDataEntryFields.swift */; };
		422FA6C72811568700CFEE77 /* AppButtons.swift in Sources */ = {isa = PBXBuildFile; fileRef = 422FA6C62811568700CFEE77 /* AppButtons.swift */; };
		422FA6C9281159E700CFEE77 /* ResetPasswordView.swift in Sources */ = {isa = PBXBuildFile; fileRef = 422FA6C8281159E700CFEE77 /* ResetPasswordView.swift */; };
		422FA6CC28115B2500CFEE77 /* SignInViewModel.swift in Sources */ = {isa = PBXBuildFile; fileRef = 422FA6CB28115B2500CFEE77 /* SignInViewModel.swift */; };
		422FA6D0281168D000CFEE77 /* RequirementTextWithIcon.swift in Sources */ = {isa = PBXBuildFile; fileRef = 422FA6CF281168D000CFEE77 /* RequirementTextWithIcon.swift */; };
		422FA6D328116CF800CFEE77 /* EmailValidator.swift in Sources */ = {isa = PBXBuildFile; fileRef = 422FA6D228116CF800CFEE77 /* EmailValidator.swift */; };
		422FA6D528116F0E00CFEE77 /* PasswordValidator.swift in Sources */ = {isa = PBXBuildFile; fileRef = 422FA6D428116F0E00CFEE77 /* PasswordValidator.swift */; };
		422FA6D7281193DF00CFEE77 /* MainViewModel.swift in Sources */ = {isa = PBXBuildFile; fileRef = 422FA6D6281193DF00CFEE77 /* MainViewModel.swift */; };
		422FA6D92811991A00CFEE77 /* MainView.swift in Sources */ = {isa = PBXBuildFile; fileRef = 422FA6D82811991A00CFEE77 /* MainView.swift */; };
		422FA6DB2811B4BD00CFEE77 /* HomeView.swift in Sources */ = {isa = PBXBuildFile; fileRef = 422FA6DA2811B4BD00CFEE77 /* HomeView.swift */; };
		422FA6DD2811B54800CFEE77 /* StudentsView.swift in Sources */ = {isa = PBXBuildFile; fileRef = 422FA6DC2811B54800CFEE77 /* StudentsView.swift */; };
		422FA6DF2811B56100CFEE77 /* ResultsView.swift in Sources */ = {isa = PBXBuildFile; fileRef = 422FA6DE2811B56100CFEE77 /* ResultsView.swift */; };
		422FA6E12811B57300CFEE77 /* ProfileView.swift in Sources */ = {isa = PBXBuildFile; fileRef = 422FA6E02811B57300CFEE77 /* ProfileView.swift */; };
		422FA6E32811B9A000CFEE77 /* AppConstants.swift in Sources */ = {isa = PBXBuildFile; fileRef = 422FA6E22811B9A000CFEE77 /* AppConstants.swift */; };
		422FA6E52811BBB300CFEE77 /* ProfileViewModel.swift in Sources */ = {isa = PBXBuildFile; fileRef = 422FA6E42811BBB300CFEE77 /* ProfileViewModel.swift */; };
		422FA6E72811C58D00CFEE77 /* CircularImageView.swift in Sources */ = {isa = PBXBuildFile; fileRef = 422FA6E62811C58D00CFEE77 /* CircularImageView.swift */; };
		424173C5280E936600633D4E /* GoogleService-Info.plist in Resources */ = {isa = PBXBuildFile; fileRef = 424173C4280E936600633D4E /* GoogleService-Info.plist */; };
		424173C7280E965A00633D4E /* AuthManager.swift in Sources */ = {isa = PBXBuildFile; fileRef = 424173C6280E965A00633D4E /* AuthManager.swift */; };
		424173C9280E980000633D4E /* User.swift in Sources */ = {isa = PBXBuildFile; fileRef = 424173C8280E980000633D4E /* User.swift */; };
		424173CB280E9E8300633D4E /* SignUpViewModel.swift in Sources */ = {isa = PBXBuildFile; fileRef = 424173CA280E9E8300633D4E /* SignUpViewModel.swift */; };
		424173CE280EA96600633D4E /* UserManager.swift in Sources */ = {isa = PBXBuildFile; fileRef = 424173CD280EA96600633D4E /* UserManager.swift */; };
		424173D1280F255600633D4E /* ImagePickerView.swift in Sources */ = {isa = PBXBuildFile; fileRef = 424173D0280F255600633D4E /* ImagePickerView.swift */; };
		424173D3280F348000633D4E /* MediaManager.swift in Sources */ = {isa = PBXBuildFile; fileRef = 424173D2280F348000633D4E /* MediaManager.swift */; };
		4252FB5928169FAE00456206 /* EditStudentView.swift in Sources */ = {isa = PBXBuildFile; fileRef = 4252FB5828169FAE00456206 /* EditStudentView.swift */; };
		4252FB5B2816A14400456206 /* EditStudentViewModel.swift in Sources */ = {isa = PBXBuildFile; fileRef = 4252FB5A2816A14400456206 /* EditStudentViewModel.swift */; };
		4252FB5D2816A28400456206 /* StudyClass.swift in Sources */ = {isa = PBXBuildFile; fileRef = 4252FB5C2816A28400456206 /* StudyClass.swift */; };
		4252FB5F2816A2F300456206 /* StudentsManager.swift in Sources */ = {isa = PBXBuildFile; fileRef = 4252FB5E2816A2F300456206 /* StudentsManager.swift */; };
		4252FB622816A73300456206 /* FirebaseAuth in Frameworks */ = {isa = PBXBuildFile; productRef = 4252FB612816A73300456206 /* FirebaseAuth */; };
		4252FB642816A73300456206 /* FirebaseDatabase in Frameworks */ = {isa = PBXBuildFile; productRef = 4252FB632816A73300456206 /* FirebaseDatabase */; };
		4252FB662816A73300456206 /* FirebaseFirestore in Frameworks */ = {isa = PBXBuildFile; productRef = 4252FB652816A73300456206 /* FirebaseFirestore */; };
		4252FB682816A73300456206 /* FirebaseMessaging in Frameworks */ = {isa = PBXBuildFile; productRef = 4252FB672816A73300456206 /* FirebaseMessaging */; };
		4252FB6A2816A73300456206 /* FirebaseStorage in Frameworks */ = {isa = PBXBuildFile; productRef = 4252FB692816A73300456206 /* FirebaseStorage */; };
		4252FB6C2816B13E00456206 /* StudentsViewModel.swift in Sources */ = {isa = PBXBuildFile; fileRef = 4252FB6B2816B13E00456206 /* StudentsViewModel.swift */; };
		42E498CF2806C18C00A8842B /* CCCApp.swift in Sources */ = {isa = PBXBuildFile; fileRef = 42E498CE2806C18C00A8842B /* CCCApp.swift */; };
		42E498D12806C18C00A8842B /* SignUpView.swift in Sources */ = {isa = PBXBuildFile; fileRef = 42E498D02806C18C00A8842B /* SignUpView.swift */; };
		42E498D32806C19000A8842B /* Assets.xcassets in Resources */ = {isa = PBXBuildFile; fileRef = 42E498D22806C19000A8842B /* Assets.xcassets */; };
		42E498D62806C19000A8842B /* Preview Assets.xcassets in Resources */ = {isa = PBXBuildFile; fileRef = 42E498D52806C19000A8842B /* Preview Assets.xcassets */; };
		42E498E12806C33C00A8842B /* Student.swift in Sources */ = {isa = PBXBuildFile; fileRef = 42E498E02806C33C00A8842B /* Student.swift */; };
/* End PBXBuildFile section */

/* Begin PBXFileReference section */
		422FA6C22811535E00CFEE77 /* SignInView.swift */ = {isa = PBXFileReference; lastKnownFileType = sourcecode.swift; path = SignInView.swift; sourceTree = "<group>"; };
		422FA6C42811543700CFEE77 /* UserDataEntryFields.swift */ = {isa = PBXFileReference; lastKnownFileType = sourcecode.swift; path = UserDataEntryFields.swift; sourceTree = "<group>"; };
		422FA6C62811568700CFEE77 /* AppButtons.swift */ = {isa = PBXFileReference; lastKnownFileType = sourcecode.swift; path = AppButtons.swift; sourceTree = "<group>"; };
		422FA6C8281159E700CFEE77 /* ResetPasswordView.swift */ = {isa = PBXFileReference; lastKnownFileType = sourcecode.swift; path = ResetPasswordView.swift; sourceTree = "<group>"; };
		422FA6CB28115B2500CFEE77 /* SignInViewModel.swift */ = {isa = PBXFileReference; lastKnownFileType = sourcecode.swift; path = SignInViewModel.swift; sourceTree = "<group>"; };
		422FA6CF281168D000CFEE77 /* RequirementTextWithIcon.swift */ = {isa = PBXFileReference; lastKnownFileType = sourcecode.swift; path = RequirementTextWithIcon.swift; sourceTree = "<group>"; };
		422FA6D228116CF800CFEE77 /* EmailValidator.swift */ = {isa = PBXFileReference; lastKnownFileType = sourcecode.swift; path = EmailValidator.swift; sourceTree = "<group>"; };
		422FA6D428116F0E00CFEE77 /* PasswordValidator.swift */ = {isa = PBXFileReference; lastKnownFileType = sourcecode.swift; path = PasswordValidator.swift; sourceTree = "<group>"; };
		422FA6D6281193DF00CFEE77 /* MainViewModel.swift */ = {isa = PBXFileReference; lastKnownFileType = sourcecode.swift; path = MainViewModel.swift; sourceTree = "<group>"; };
		422FA6D82811991A00CFEE77 /* MainView.swift */ = {isa = PBXFileReference; lastKnownFileType = sourcecode.swift; path = MainView.swift; sourceTree = "<group>"; };
		422FA6DA2811B4BD00CFEE77 /* HomeView.swift */ = {isa = PBXFileReference; lastKnownFileType = sourcecode.swift; path = HomeView.swift; sourceTree = "<group>"; };
		422FA6DC2811B54800CFEE77 /* StudentsView.swift */ = {isa = PBXFileReference; lastKnownFileType = sourcecode.swift; path = StudentsView.swift; sourceTree = "<group>"; };
		422FA6DE2811B56100CFEE77 /* ResultsView.swift */ = {isa = PBXFileReference; lastKnownFileType = sourcecode.swift; path = ResultsView.swift; sourceTree = "<group>"; };
		422FA6E02811B57300CFEE77 /* ProfileView.swift */ = {isa = PBXFileReference; lastKnownFileType = sourcecode.swift; path = ProfileView.swift; sourceTree = "<group>"; };
		422FA6E22811B9A000CFEE77 /* AppConstants.swift */ = {isa = PBXFileReference; lastKnownFileType = sourcecode.swift; path = AppConstants.swift; sourceTree = "<group>"; };
		422FA6E42811BBB300CFEE77 /* ProfileViewModel.swift */ = {isa = PBXFileReference; lastKnownFileType = sourcecode.swift; path = ProfileViewModel.swift; sourceTree = "<group>"; };
		422FA6E62811C58D00CFEE77 /* CircularImageView.swift */ = {isa = PBXFileReference; lastKnownFileType = sourcecode.swift; path = CircularImageView.swift; sourceTree = "<group>"; };
		424173C4280E936600633D4E /* GoogleService-Info.plist */ = {isa = PBXFileReference; fileEncoding = 4; lastKnownFileType = text.plist.xml; path = "GoogleService-Info.plist"; sourceTree = "<group>"; };
		424173C6280E965A00633D4E /* AuthManager.swift */ = {isa = PBXFileReference; lastKnownFileType = sourcecode.swift; path = AuthManager.swift; sourceTree = "<group>"; };
		424173C8280E980000633D4E /* User.swift */ = {isa = PBXFileReference; lastKnownFileType = sourcecode.swift; path = User.swift; sourceTree = "<group>"; };
		424173CA280E9E8300633D4E /* SignUpViewModel.swift */ = {isa = PBXFileReference; lastKnownFileType = sourcecode.swift; path = SignUpViewModel.swift; sourceTree = "<group>"; };
		424173CD280EA96600633D4E /* UserManager.swift */ = {isa = PBXFileReference; lastKnownFileType = sourcecode.swift; path = UserManager.swift; sourceTree = "<group>"; };
		424173D0280F255600633D4E /* ImagePickerView.swift */ = {isa = PBXFileReference; lastKnownFileType = sourcecode.swift; path = ImagePickerView.swift; sourceTree = "<group>"; };
		424173D2280F348000633D4E /* MediaManager.swift */ = {isa = PBXFileReference; lastKnownFileType = sourcecode.swift; path = MediaManager.swift; sourceTree = "<group>"; };
		4252FB5828169FAE00456206 /* EditStudentView.swift */ = {isa = PBXFileReference; lastKnownFileType = sourcecode.swift; path = EditStudentView.swift; sourceTree = "<group>"; };
		4252FB5A2816A14400456206 /* EditStudentViewModel.swift */ = {isa = PBXFileReference; lastKnownFileType = sourcecode.swift; path = EditStudentViewModel.swift; sourceTree = "<group>"; };
		4252FB5C2816A28400456206 /* StudyClass.swift */ = {isa = PBXFileReference; lastKnownFileType = sourcecode.swift; path = StudyClass.swift; sourceTree = "<group>"; };
		4252FB5E2816A2F300456206 /* StudentsManager.swift */ = {isa = PBXFileReference; lastKnownFileType = sourcecode.swift; path = StudentsManager.swift; sourceTree = "<group>"; };
		4252FB6B2816B13E00456206 /* StudentsViewModel.swift */ = {isa = PBXFileReference; lastKnownFileType = sourcecode.swift; path = StudentsViewModel.swift; sourceTree = "<group>"; };
		42E498CB2806C18C00A8842B /* CCC.app */ = {isa = PBXFileReference; explicitFileType = wrapper.application; includeInIndex = 0; path = CCC.app; sourceTree = BUILT_PRODUCTS_DIR; };
		42E498CE2806C18C00A8842B /* CCCApp.swift */ = {isa = PBXFileReference; lastKnownFileType = sourcecode.swift; path = CCCApp.swift; sourceTree = "<group>"; };
		42E498D02806C18C00A8842B /* SignUpView.swift */ = {isa = PBXFileReference; lastKnownFileType = sourcecode.swift; path = SignUpView.swift; sourceTree = "<group>"; };
		42E498D22806C19000A8842B /* Assets.xcassets */ = {isa = PBXFileReference; lastKnownFileType = folder.assetcatalog; path = Assets.xcassets; sourceTree = "<group>"; };
		42E498D52806C19000A8842B /* Preview Assets.xcassets */ = {isa = PBXFileReference; lastKnownFileType = folder.assetcatalog; path = "Preview Assets.xcassets"; sourceTree = "<group>"; };
		42E498E02806C33C00A8842B /* Student.swift */ = {isa = PBXFileReference; lastKnownFileType = sourcecode.swift; path = Student.swift; sourceTree = "<group>"; };
/* End PBXFileReference section */

/* Begin PBXFrameworksBuildPhase section */
		42E498C82806C18C00A8842B /* Frameworks */ = {
			isa = PBXFrameworksBuildPhase;
			buildActionMask = 2147483647;
			files = (
				4252FB682816A73300456206 /* FirebaseMessaging in Frameworks */,
				4252FB642816A73300456206 /* FirebaseDatabase in Frameworks */,
				4252FB622816A73300456206 /* FirebaseAuth in Frameworks */,
				4252FB6A2816A73300456206 /* FirebaseStorage in Frameworks */,
				4252FB662816A73300456206 /* FirebaseFirestore in Frameworks */,
			);
			runOnlyForDeploymentPostprocessing = 0;
		};
/* End PBXFrameworksBuildPhase section */

/* Begin PBXGroup section */
		422FA6CA28115B0000CFEE77 /* AuthFlow */ = {
			isa = PBXGroup;
			children = (
				42E498D02806C18C00A8842B /* SignUpView.swift */,
				422FA6C22811535E00CFEE77 /* SignInView.swift */,
				422FA6C8281159E700CFEE77 /* ResetPasswordView.swift */,
			);
			path = AuthFlow;
			sourceTree = "<group>";
		};
		422FA6D128116CE800CFEE77 /* Helpers */ = {
			isa = PBXGroup;
			children = (
				422FA6D228116CF800CFEE77 /* EmailValidator.swift */,
				422FA6D428116F0E00CFEE77 /* PasswordValidator.swift */,
				422FA6E22811B9A000CFEE77 /* AppConstants.swift */,
			);
			path = Helpers;
			sourceTree = "<group>";
		};
		424173CC280EA8EF00633D4E /* Managers */ = {
			isa = PBXGroup;
			children = (
				424173C6280E965A00633D4E /* AuthManager.swift */,
				424173CD280EA96600633D4E /* UserManager.swift */,
				424173D2280F348000633D4E /* MediaManager.swift */,
				4252FB5E2816A2F300456206 /* StudentsManager.swift */,
			);
			path = Managers;
			sourceTree = "<group>";
		};
		424173CF280F254700633D4E /* Util */ = {
			isa = PBXGroup;
			children = (
				422FA6C42811543700CFEE77 /* UserDataEntryFields.swift */,
				424173D0280F255600633D4E /* ImagePickerView.swift */,
				422FA6C62811568700CFEE77 /* AppButtons.swift */,
				422FA6CF281168D000CFEE77 /* RequirementTextWithIcon.swift */,
				422FA6E62811C58D00CFEE77 /* CircularImageView.swift */,
			);
			path = Util;
			sourceTree = "<group>";
		};
		42E498C22806C18C00A8842B = {
			isa = PBXGroup;
			children = (
				42E498CD2806C18C00A8842B /* CCC */,
				42E498CC2806C18C00A8842B /* Products */,
			);
			sourceTree = "<group>";
		};
		42E498CC2806C18C00A8842B /* Products */ = {
			isa = PBXGroup;
			children = (
				42E498CB2806C18C00A8842B /* CCC.app */,
			);
			name = Products;
			sourceTree = "<group>";
		};
		42E498CD2806C18C00A8842B /* CCC */ = {
			isa = PBXGroup;
			children = (
				422FA6D128116CE800CFEE77 /* Helpers */,
				42E498DF2806C32600A8842B /* Resources */,
				42E498DC2806C30700A8842B /* Model */,
				42E498DD2806C31000A8842B /* View */,
				42E498DE2806C31700A8842B /* ViewModel */,
				42E498CE2806C18C00A8842B /* CCCApp.swift */,
				424173C4280E936600633D4E /* GoogleService-Info.plist */,
				42E498D42806C19000A8842B /* Preview Content */,
			);
			path = CCC;
			sourceTree = "<group>";
		};
		42E498D42806C19000A8842B /* Preview Content */ = {
			isa = PBXGroup;
			children = (
				42E498D52806C19000A8842B /* Preview Assets.xcassets */,
			);
			path = "Preview Content";
			sourceTree = "<group>";
		};
		42E498DC2806C30700A8842B /* Model */ = {
			isa = PBXGroup;
			children = (
				424173CC280EA8EF00633D4E /* Managers */,
				42E498E02806C33C00A8842B /* Student.swift */,
				424173C8280E980000633D4E /* User.swift */,
				4252FB5C2816A28400456206 /* StudyClass.swift */,
			);
			path = Model;
			sourceTree = "<group>";
		};
		42E498DD2806C31000A8842B /* View */ = {
			isa = PBXGroup;
			children = (
				424173CF280F254700633D4E /* Util */,
				422FA6CA28115B0000CFEE77 /* AuthFlow */,
				422FA6D82811991A00CFEE77 /* MainView.swift */,
				422FA6DA2811B4BD00CFEE77 /* HomeView.swift */,
				422FA6DC2811B54800CFEE77 /* StudentsView.swift */,
				422FA6DE2811B56100CFEE77 /* ResultsView.swift */,
				422FA6E02811B57300CFEE77 /* ProfileView.swift */,
				4252FB5828169FAE00456206 /* EditStudentView.swift */,
			);
			path = View;
			sourceTree = "<group>";
		};
		42E498DE2806C31700A8842B /* ViewModel */ = {
			isa = PBXGroup;
			children = (
				424173CA280E9E8300633D4E /* SignUpViewModel.swift */,
				422FA6CB28115B2500CFEE77 /* SignInViewModel.swift */,
				422FA6D6281193DF00CFEE77 /* MainViewModel.swift */,
				422FA6E42811BBB300CFEE77 /* ProfileViewModel.swift */,
				4252FB5A2816A14400456206 /* EditStudentViewModel.swift */,
				4252FB6B2816B13E00456206 /* StudentsViewModel.swift */,
			);
			path = ViewModel;
			sourceTree = "<group>";
		};
		42E498DF2806C32600A8842B /* Resources */ = {
			isa = PBXGroup;
			children = (
				42E498D22806C19000A8842B /* Assets.xcassets */,
			);
			path = Resources;
			sourceTree = "<group>";
		};
/* End PBXGroup section */

/* Begin PBXNativeTarget section */
		42E498CA2806C18C00A8842B /* CCC */ = {
			isa = PBXNativeTarget;
			buildConfigurationList = 42E498D92806C19000A8842B /* Build configuration list for PBXNativeTarget "CCC" */;
			buildPhases = (
				42E498C72806C18C00A8842B /* Sources */,
				42E498C82806C18C00A8842B /* Frameworks */,
				42E498C92806C18C00A8842B /* Resources */,
			);
			buildRules = (
			);
			dependencies = (
			);
			name = CCC;
			packageProductDependencies = (
				4252FB612816A73300456206 /* FirebaseAuth */,
				4252FB632816A73300456206 /* FirebaseDatabase */,
				4252FB652816A73300456206 /* FirebaseFirestore */,
				4252FB672816A73300456206 /* FirebaseMessaging */,
				4252FB692816A73300456206 /* FirebaseStorage */,
			);
			productName = CCC;
			productReference = 42E498CB2806C18C00A8842B /* CCC.app */;
			productType = "com.apple.product-type.application";
		};
/* End PBXNativeTarget section */

/* Begin PBXProject section */
		42E498C32806C18C00A8842B /* Project object */ = {
			isa = PBXProject;
			attributes = {
				BuildIndependentTargetsInParallel = 1;
				LastSwiftUpdateCheck = 1330;
				LastUpgradeCheck = 1330;
				TargetAttributes = {
					42E498CA2806C18C00A8842B = {
						CreatedOnToolsVersion = 13.3.1;
					};
				};
			};
			buildConfigurationList = 42E498C62806C18C00A8842B /* Build configuration list for PBXProject "CCC" */;
			compatibilityVersion = "Xcode 13.0";
			developmentRegion = en;
			hasScannedForEncodings = 0;
			knownRegions = (
				en,
				Base,
			);
			mainGroup = 42E498C22806C18C00A8842B;
			packageReferences = (
				4252FB602816A73300456206 /* XCRemoteSwiftPackageReference "firebase-ios-sdk" */,
			);
			productRefGroup = 42E498CC2806C18C00A8842B /* Products */;
			projectDirPath = "";
			projectRoot = "";
			targets = (
				42E498CA2806C18C00A8842B /* CCC */,
			);
		};
/* End PBXProject section */

/* Begin PBXResourcesBuildPhase section */
		42E498C92806C18C00A8842B /* Resources */ = {
			isa = PBXResourcesBuildPhase;
			buildActionMask = 2147483647;
			files = (
				42E498D62806C19000A8842B /* Preview Assets.xcassets in Resources */,
				42E498D32806C19000A8842B /* Assets.xcassets in Resources */,
				424173C5280E936600633D4E /* GoogleService-Info.plist in Resources */,
			);
			runOnlyForDeploymentPostprocessing = 0;
		};
/* End PBXResourcesBuildPhase section */

/* Begin PBXSourcesBuildPhase section */
		42E498C72806C18C00A8842B /* Sources */ = {
			isa = PBXSourcesBuildPhase;
			buildActionMask = 2147483647;
			files = (
				42E498D12806C18C00A8842B /* SignUpView.swift in Sources */,
				422FA6D0281168D000CFEE77 /* RequirementTextWithIcon.swift in Sources */,
				422FA6DD2811B54800CFEE77 /* StudentsView.swift in Sources */,
				4252FB5F2816A2F300456206 /* StudentsManager.swift in Sources */,
				424173CE280EA96600633D4E /* UserManager.swift in Sources */,
				422FA6D7281193DF00CFEE77 /* MainViewModel.swift in Sources */,
				422FA6DF2811B56100CFEE77 /* ResultsView.swift in Sources */,
				422FA6D528116F0E00CFEE77 /* PasswordValidator.swift in Sources */,
				424173C7280E965A00633D4E /* AuthManager.swift in Sources */,
				42E498E12806C33C00A8842B /* Student.swift in Sources */,
				422FA6C52811543700CFEE77 /* UserDataEntryFields.swift in Sources */,
				422FA6D92811991A00CFEE77 /* MainView.swift in Sources */,
				422FA6E72811C58D00CFEE77 /* CircularImageView.swift in Sources */,
				422FA6C32811535E00CFEE77 /* SignInView.swift in Sources */,
				422FA6C9281159E700CFEE77 /* ResetPasswordView.swift in Sources */,
				424173D3280F348000633D4E /* MediaManager.swift in Sources */,
				4252FB5928169FAE00456206 /* EditStudentView.swift in Sources */,
				4252FB5D2816A28400456206 /* StudyClass.swift in Sources */,
				422FA6E52811BBB300CFEE77 /* ProfileViewModel.swift in Sources */,
				422FA6CC28115B2500CFEE77 /* SignInViewModel.swift in Sources */,
				4252FB5B2816A14400456206 /* EditStudentViewModel.swift in Sources */,
				422FA6DB2811B4BD00CFEE77 /* HomeView.swift in Sources */,
				422FA6C72811568700CFEE77 /* AppButtons.swift in Sources */,
				4252FB6C2816B13E00456206 /* StudentsViewModel.swift in Sources */,
				422FA6E12811B57300CFEE77 /* ProfileView.swift in Sources */,
				424173D1280F255600633D4E /* ImagePickerView.swift in Sources */,
				422FA6E32811B9A000CFEE77 /* AppConstants.swift in Sources */,
				42E498CF2806C18C00A8842B /* CCCApp.swift in Sources */,
				422FA6D328116CF800CFEE77 /* EmailValidator.swift in Sources */,
				424173CB280E9E8300633D4E /* SignUpViewModel.swift in Sources */,
				424173C9280E980000633D4E /* User.swift in Sources */,
			);
			runOnlyForDeploymentPostprocessing = 0;
		};
/* End PBXSourcesBuildPhase section */

/* Begin XCBuildConfiguration section */
		42E498D72806C19000A8842B /* Debug */ = {
			isa = XCBuildConfiguration;
			buildSettings = {
				ALWAYS_SEARCH_USER_PATHS = NO;
				CLANG_ANALYZER_NONNULL = YES;
				CLANG_ANALYZER_NUMBER_OBJECT_CONVERSION = YES_AGGRESSIVE;
				CLANG_CXX_LANGUAGE_STANDARD = "gnu++17";
				CLANG_ENABLE_MODULES = YES;
				CLANG_ENABLE_OBJC_ARC = YES;
				CLANG_ENABLE_OBJC_WEAK = YES;
				CLANG_WARN_BLOCK_CAPTURE_AUTORELEASING = YES;
				CLANG_WARN_BOOL_CONVERSION = YES;
				CLANG_WARN_COMMA = YES;
				CLANG_WARN_CONSTANT_CONVERSION = YES;
				CLANG_WARN_DEPRECATED_OBJC_IMPLEMENTATIONS = YES;
				CLANG_WARN_DIRECT_OBJC_ISA_USAGE = YES_ERROR;
				CLANG_WARN_DOCUMENTATION_COMMENTS = YES;
				CLANG_WARN_EMPTY_BODY = YES;
				CLANG_WARN_ENUM_CONVERSION = YES;
				CLANG_WARN_INFINITE_RECURSION = YES;
				CLANG_WARN_INT_CONVERSION = YES;
				CLANG_WARN_NON_LITERAL_NULL_CONVERSION = YES;
				CLANG_WARN_OBJC_IMPLICIT_RETAIN_SELF = YES;
				CLANG_WARN_OBJC_LITERAL_CONVERSION = YES;
				CLANG_WARN_OBJC_ROOT_CLASS = YES_ERROR;
				CLANG_WARN_QUOTED_INCLUDE_IN_FRAMEWORK_HEADER = YES;
				CLANG_WARN_RANGE_LOOP_ANALYSIS = YES;
				CLANG_WARN_STRICT_PROTOTYPES = YES;
				CLANG_WARN_SUSPICIOUS_MOVE = YES;
				CLANG_WARN_UNGUARDED_AVAILABILITY = YES_AGGRESSIVE;
				CLANG_WARN_UNREACHABLE_CODE = YES;
				CLANG_WARN__DUPLICATE_METHOD_MATCH = YES;
				COPY_PHASE_STRIP = NO;
				DEBUG_INFORMATION_FORMAT = dwarf;
				ENABLE_STRICT_OBJC_MSGSEND = YES;
				ENABLE_TESTABILITY = YES;
				GCC_C_LANGUAGE_STANDARD = gnu11;
				GCC_DYNAMIC_NO_PIC = NO;
				GCC_NO_COMMON_BLOCKS = YES;
				GCC_OPTIMIZATION_LEVEL = 0;
				GCC_PREPROCESSOR_DEFINITIONS = (
					"DEBUG=1",
					"$(inherited)",
				);
				GCC_WARN_64_TO_32_BIT_CONVERSION = YES;
				GCC_WARN_ABOUT_RETURN_TYPE = YES_ERROR;
				GCC_WARN_UNDECLARED_SELECTOR = YES;
				GCC_WARN_UNINITIALIZED_AUTOS = YES_AGGRESSIVE;
				GCC_WARN_UNUSED_FUNCTION = YES;
				GCC_WARN_UNUSED_VARIABLE = YES;
				IPHONEOS_DEPLOYMENT_TARGET = 15.4;
				MTL_ENABLE_DEBUG_INFO = INCLUDE_SOURCE;
				MTL_FAST_MATH = YES;
				ONLY_ACTIVE_ARCH = YES;
				SDKROOT = iphoneos;
				SWIFT_ACTIVE_COMPILATION_CONDITIONS = DEBUG;
				SWIFT_OPTIMIZATION_LEVEL = "-Onone";
			};
			name = Debug;
		};
		42E498D82806C19000A8842B /* Release */ = {
			isa = XCBuildConfiguration;
			buildSettings = {
				ALWAYS_SEARCH_USER_PATHS = NO;
				CLANG_ANALYZER_NONNULL = YES;
				CLANG_ANALYZER_NUMBER_OBJECT_CONVERSION = YES_AGGRESSIVE;
				CLANG_CXX_LANGUAGE_STANDARD = "gnu++17";
				CLANG_ENABLE_MODULES = YES;
				CLANG_ENABLE_OBJC_ARC = YES;
				CLANG_ENABLE_OBJC_WEAK = YES;
				CLANG_WARN_BLOCK_CAPTURE_AUTORELEASING = YES;
				CLANG_WARN_BOOL_CONVERSION = YES;
				CLANG_WARN_COMMA = YES;
				CLANG_WARN_CONSTANT_CONVERSION = YES;
				CLANG_WARN_DEPRECATED_OBJC_IMPLEMENTATIONS = YES;
				CLANG_WARN_DIRECT_OBJC_ISA_USAGE = YES_ERROR;
				CLANG_WARN_DOCUMENTATION_COMMENTS = YES;
				CLANG_WARN_EMPTY_BODY = YES;
				CLANG_WARN_ENUM_CONVERSION = YES;
				CLANG_WARN_INFINITE_RECURSION = YES;
				CLANG_WARN_INT_CONVERSION = YES;
				CLANG_WARN_NON_LITERAL_NULL_CONVERSION = YES;
				CLANG_WARN_OBJC_IMPLICIT_RETAIN_SELF = YES;
				CLANG_WARN_OBJC_LITERAL_CONVERSION = YES;
				CLANG_WARN_OBJC_ROOT_CLASS = YES_ERROR;
				CLANG_WARN_QUOTED_INCLUDE_IN_FRAMEWORK_HEADER = YES;
				CLANG_WARN_RANGE_LOOP_ANALYSIS = YES;
				CLANG_WARN_STRICT_PROTOTYPES = YES;
				CLANG_WARN_SUSPICIOUS_MOVE = YES;
				CLANG_WARN_UNGUARDED_AVAILABILITY = YES_AGGRESSIVE;
				CLANG_WARN_UNREACHABLE_CODE = YES;
				CLANG_WARN__DUPLICATE_METHOD_MATCH = YES;
				COPY_PHASE_STRIP = NO;
				DEBUG_INFORMATION_FORMAT = "dwarf-with-dsym";
				ENABLE_NS_ASSERTIONS = NO;
				ENABLE_STRICT_OBJC_MSGSEND = YES;
				GCC_C_LANGUAGE_STANDARD = gnu11;
				GCC_NO_COMMON_BLOCKS = YES;
				GCC_WARN_64_TO_32_BIT_CONVERSION = YES;
				GCC_WARN_ABOUT_RETURN_TYPE = YES_ERROR;
				GCC_WARN_UNDECLARED_SELECTOR = YES;
				GCC_WARN_UNINITIALIZED_AUTOS = YES_AGGRESSIVE;
				GCC_WARN_UNUSED_FUNCTION = YES;
				GCC_WARN_UNUSED_VARIABLE = YES;
				IPHONEOS_DEPLOYMENT_TARGET = 15.4;
				MTL_ENABLE_DEBUG_INFO = NO;
				MTL_FAST_MATH = YES;
				SDKROOT = iphoneos;
				SWIFT_COMPILATION_MODE = wholemodule;
				SWIFT_OPTIMIZATION_LEVEL = "-O";
				VALIDATE_PRODUCT = YES;
			};
			name = Release;
		};
		42E498DA2806C19000A8842B /* Debug */ = {
			isa = XCBuildConfiguration;
			buildSettings = {
				ASSETCATALOG_COMPILER_APPICON_NAME = AppIcon;
				ASSETCATALOG_COMPILER_GLOBAL_ACCENT_COLOR_NAME = AccentColor;
				CODE_SIGN_STYLE = Automatic;
				CURRENT_PROJECT_VERSION = 1;
				DEVELOPMENT_ASSET_PATHS = "\"CCC/Preview Content\"";
				DEVELOPMENT_TEAM = LJ87H7HMY5;
				ENABLE_PREVIEWS = YES;
				GENERATE_INFOPLIST_FILE = YES;
				INFOPLIST_KEY_UIApplicationSceneManifest_Generation = YES;
				INFOPLIST_KEY_UIApplicationSupportsIndirectInputEvents = YES;
				INFOPLIST_KEY_UILaunchScreen_Generation = YES;
				INFOPLIST_KEY_UISupportedInterfaceOrientations_iPad = "UIInterfaceOrientationPortrait UIInterfaceOrientationPortraitUpsideDown UIInterfaceOrientationLandscapeLeft UIInterfaceOrientationLandscapeRight";
				INFOPLIST_KEY_UISupportedInterfaceOrientations_iPhone = "UIInterfaceOrientationPortrait UIInterfaceOrientationLandscapeLeft UIInterfaceOrientationLandscapeRight";
				LD_RUNPATH_SEARCH_PATHS = (
					"$(inherited)",
					"@executable_path/Frameworks",
				);
				MARKETING_VERSION = 1.0;
				PRODUCT_BUNDLE_IDENTIFIER = com.mohsinayub.ccc;
				PRODUCT_NAME = "$(TARGET_NAME)";
				SWIFT_EMIT_LOC_STRINGS = YES;
				SWIFT_VERSION = 5.0;
				TARGETED_DEVICE_FAMILY = "1,2";
			};
			name = Debug;
		};
		42E498DB2806C19000A8842B /* Release */ = {
			isa = XCBuildConfiguration;
			buildSettings = {
				ASSETCATALOG_COMPILER_APPICON_NAME = AppIcon;
				ASSETCATALOG_COMPILER_GLOBAL_ACCENT_COLOR_NAME = AccentColor;
				CODE_SIGN_STYLE = Automatic;
				CURRENT_PROJECT_VERSION = 1;
				DEVELOPMENT_ASSET_PATHS = "\"CCC/Preview Content\"";
				DEVELOPMENT_TEAM = LJ87H7HMY5;
				ENABLE_PREVIEWS = YES;
				GENERATE_INFOPLIST_FILE = YES;
				INFOPLIST_KEY_UIApplicationSceneManifest_Generation = YES;
				INFOPLIST_KEY_UIApplicationSupportsIndirectInputEvents = YES;
				INFOPLIST_KEY_UILaunchScreen_Generation = YES;
				INFOPLIST_KEY_UISupportedInterfaceOrientations_iPad = "UIInterfaceOrientationPortrait UIInterfaceOrientationPortraitUpsideDown UIInterfaceOrientationLandscapeLeft UIInterfaceOrientationLandscapeRight";
				INFOPLIST_KEY_UISupportedInterfaceOrientations_iPhone = "UIInterfaceOrientationPortrait UIInterfaceOrientationLandscapeLeft UIInterfaceOrientationLandscapeRight";
				LD_RUNPATH_SEARCH_PATHS = (
					"$(inherited)",
					"@executable_path/Frameworks",
				);
				MARKETING_VERSION = 1.0;
				PRODUCT_BUNDLE_IDENTIFIER = com.mohsinayub.ccc;
				PRODUCT_NAME = "$(TARGET_NAME)";
				SWIFT_EMIT_LOC_STRINGS = YES;
				SWIFT_VERSION = 5.0;
				TARGETED_DEVICE_FAMILY = "1,2";
			};
			name = Release;
		};
/* End XCBuildConfiguration section */

/* Begin XCConfigurationList section */
		42E498C62806C18C00A8842B /* Build configuration list for PBXProject "CCC" */ = {
			isa = XCConfigurationList;
			buildConfigurations = (
				42E498D72806C19000A8842B /* Debug */,
				42E498D82806C19000A8842B /* Release */,
			);
			defaultConfigurationIsVisible = 0;
			defaultConfigurationName = Release;
		};
		42E498D92806C19000A8842B /* Build configuration list for PBXNativeTarget "CCC" */ = {
			isa = XCConfigurationList;
			buildConfigurations = (
				42E498DA2806C19000A8842B /* Debug */,
				42E498DB2806C19000A8842B /* Release */,
			);
			defaultConfigurationIsVisible = 0;
			defaultConfigurationName = Release;
		};
/* End XCConfigurationList section */

/* Begin XCRemoteSwiftPackageReference section */
		4252FB602816A73300456206 /* XCRemoteSwiftPackageReference "firebase-ios-sdk" */ = {
			isa = XCRemoteSwiftPackageReference;
			repositoryURL = "https://github.com/firebase/firebase-ios-sdk";
			requirement = {
				kind = upToNextMajorVersion;
				minimumVersion = 8.0.0;
			};
		};
/* End XCRemoteSwiftPackageReference section */

/* Begin XCSwiftPackageProductDependency section */
		4252FB612816A73300456206 /* FirebaseAuth */ = {
			isa = XCSwiftPackageProductDependency;
			package = 4252FB602816A73300456206 /* XCRemoteSwiftPackageReference "firebase-ios-sdk" */;
			productName = FirebaseAuth;
		};
		4252FB632816A73300456206 /* FirebaseDatabase */ = {
			isa = XCSwiftPackageProductDependency;
			package = 4252FB602816A73300456206 /* XCRemoteSwiftPackageReference "firebase-ios-sdk" */;
			productName = FirebaseDatabase;
		};
		4252FB652816A73300456206 /* FirebaseFirestore */ = {
			isa = XCSwiftPackageProductDependency;
			package = 4252FB602816A73300456206 /* XCRemoteSwiftPackageReference "firebase-ios-sdk" */;
			productName = FirebaseFirestore;
		};
		4252FB672816A73300456206 /* FirebaseMessaging */ = {
			isa = XCSwiftPackageProductDependency;
			package = 4252FB602816A73300456206 /* XCRemoteSwiftPackageReference "firebase-ios-sdk" */;
			productName = FirebaseMessaging;
		};
		4252FB692816A73300456206 /* FirebaseStorage */ = {
			isa = XCSwiftPackageProductDependency;
			package = 4252FB602816A73300456206 /* XCRemoteSwiftPackageReference "firebase-ios-sdk" */;
			productName = FirebaseStorage;
		};
/* End XCSwiftPackageProductDependency section */
	};
	rootObject = 42E498C32806C18C00A8842B /* Project object */;
}
